
Microsoft Visual Studio Solution File, Format Version 12.00
# Visual Studio Version 17
VisualStudioVersion = 17.7.34031.279
MinimumVisualStudioVersion = 10.0.40219.1
Project("{8BC9CEB8-8B4A-11D0-8D11-00A0C91BC942}") = "TestC++", "TestC++\TestC++.vcxproj", "{2526F2E2-E06D-4AA2-9C2F-B3FEAD0693EA}"
EndProject
Global
	GlobalSection(SolutionConfigurationPlatforms) = preSolution
		Debug|x64 = Debug|x64
		Debug|x86 = Debug|x86
		Release|x64 = Release|x64
		Release|x86 = Release|x86
	EndGlobalSection
	GlobalSection(ProjectConfigurationPlatforms) = postSolution
		{2526F2E2-E06D-4AA2-9C2F-B3FEAD0693EA}.Debug|x64.ActiveCfg = Debug|x64
		{2526F2E2-E06D-4AA2-9C2F-B3FEAD0693EA}.Debug|x64.Build.0 = Debug|x64
		{2526F2E2-E06D-4AA2-9C2F-B3FEAD0693EA}.Debug|x86.ActiveCfg = Debug|Win32
		{2526F2E2-E06D-4AA2-9C2F-B3FEAD0693EA}.Debug|x86.Build.0 = Debug|Win32
		{2526F2E2-E06D-4AA2-9C2F-B3FEAD0693EA}.Release|x64.ActiveCfg = Release|x64
		{2526F2E2-E06D-4AA2-9C2F-B3FEAD0693EA}.Release|x64.Build.0 = Release|x64
		{2526F2E2-E06D-4AA2-9C2F-B3FEAD0693EA}.Release|x86.ActiveCfg = Release|Win32
		{2526F2E2-E06D-4AA2-9C2F-B3FEAD0693EA}.Release|x86.Build.0 = Release|Win32
	EndGlobalSection
	GlobalSection(SolutionProperties) = preSolution
		HideSolutionNode = FALSE
	EndGlobalSection
	GlobalSection(ExtensibilityGlobals) = postSolution
		SolutionGuid = {CDC77B3F-3A81-4411-9371-8FEAD724B690}
	EndGlobalSection
EndGlobal
